// !$*UTF8*$!
{
	archiveVersion = 1;
	classes = {
	};
	objectVersion = 50;
	objects = {

/* Begin PBXBuildFile section */
		D12B603923496A6B00D612C7 /* AppDelegate.swift in Sources */ = {isa = PBXBuildFile; fileRef = D12B603823496A6B00D612C7 /* AppDelegate.swift */; };
		D12B603B23496A6B00D612C7 /* ViewController.swift in Sources */ = {isa = PBXBuildFile; fileRef = D12B603A23496A6B00D612C7 /* ViewController.swift */; };
		D12B603E23496A6B00D612C7 /* Main.storyboard in Resources */ = {isa = PBXBuildFile; fileRef = D12B603C23496A6B00D612C7 /* Main.storyboard */; };
		D12B604023496A6D00D612C7 /* Assets.xcassets in Resources */ = {isa = PBXBuildFile; fileRef = D12B603F23496A6D00D612C7 /* Assets.xcassets */; };
		D12B604323496A6D00D612C7 /* LaunchScreen.storyboard in Resources */ = {isa = PBXBuildFile; fileRef = D12B604123496A6D00D612C7 /* LaunchScreen.storyboard */; };
		D12B604B23496AC000D612C7 /* repository.swift in Sources */ = {isa = PBXBuildFile; fileRef = D12B604A23496AC000D612C7 /* repository.swift */; };
		D12B604D23496B4300D612C7 /* User.swift in Sources */ = {isa = PBXBuildFile; fileRef = D12B604C23496B4300D612C7 /* User.swift */; };
		D12B604F23496BF300D612C7 /* Match.swift in Sources */ = {isa = PBXBuildFile; fileRef = D12B604E23496BF300D612C7 /* Match.swift */; };
/* End PBXBuildFile section */

/* Begin PBXFileReference section */
		D12B603523496A6B00D612C7 /* ios-repo-app.app */ = {isa = PBXFileReference; explicitFileType = wrapper.application; includeInIndex = 0; path = "ios-repo-app.app"; sourceTree = BUILT_PRODUCTS_DIR; };
		D12B603823496A6B00D612C7 /* AppDelegate.swift */ = {isa = PBXFileReference; lastKnownFileType = sourcecode.swift; path = AppDelegate.swift; sourceTree = "<group>"; };
		D12B603A23496A6B00D612C7 /* ViewController.swift */ = {isa = PBXFileReference; lastKnownFileType = sourcecode.swift; path = ViewController.swift; sourceTree = "<group>"; };
		D12B603D23496A6B00D612C7 /* Base */ = {isa = PBXFileReference; lastKnownFileType = file.storyboard; name = Base; path = Base.lproj/Main.storyboard; sourceTree = "<group>"; };
		D12B603F23496A6D00D612C7 /* Assets.xcassets */ = {isa = PBXFileReference; lastKnownFileType = folder.assetcatalog; path = Assets.xcassets; sourceTree = "<group>"; };
		D12B604223496A6D00D612C7 /* Base */ = {isa = PBXFileReference; lastKnownFileType = file.storyboard; name = Base; path = Base.lproj/LaunchScreen.storyboard; sourceTree = "<group>"; };
		D12B604423496A6D00D612C7 /* Info.plist */ = {isa = PBXFileReference; lastKnownFileType = text.plist.xml; path = Info.plist; sourceTree = "<group>"; };
		D12B604A23496AC000D612C7 /* repository.swift */ = {isa = PBXFileReference; lastKnownFileType = sourcecode.swift; path = repository.swift; sourceTree = "<group>"; };
		D12B604C23496B4300D612C7 /* User.swift */ = {isa = PBXFileReference; lastKnownFileType = sourcecode.swift; path = User.swift; sourceTree = "<group>"; };
		D12B604E23496BF300D612C7 /* Match.swift */ = {isa = PBXFileReference; lastKnownFileType = sourcecode.swift; path = Match.swift; sourceTree = "<group>"; };
/* End PBXFileReference section */

/* Begin PBXFrameworksBuildPhase section */
		D12B603223496A6B00D612C7 /* Frameworks */ = {
			isa = PBXFrameworksBuildPhase;
			buildActionMask = 2147483647;
			files = (
			);
			runOnlyForDeploymentPostprocessing = 0;
		};
/* End PBXFrameworksBuildPhase section */

/* Begin PBXGroup section */
		D12B602C23496A6B00D612C7 = {
			isa = PBXGroup;
			children = (
				D12B603723496A6B00D612C7 /* ios-repo-app */,
				D12B603623496A6B00D612C7 /* Products */,
			);
			sourceTree = "<group>";
		};
		D12B603623496A6B00D612C7 /* Products */ = {
			isa = PBXGroup;
			children = (
				D12B603523496A6B00D612C7 /* ios-repo-app.app */,
			);
			name = Products;
			sourceTree = "<group>";
		};
		D12B603723496A6B00D612C7 /* ios-repo-app */ = {
			isa = PBXGroup;
			children = (
				D12B603823496A6B00D612C7 /* AppDelegate.swift */,
				D12B603A23496A6B00D612C7 /* ViewController.swift */,
				D12B603C23496A6B00D612C7 /* Main.storyboard */,
				D12B603F23496A6D00D612C7 /* Assets.xcassets */,
				D12B604123496A6D00D612C7 /* LaunchScreen.storyboard */,
				D12B604423496A6D00D612C7 /* Info.plist */,
				D12B604A23496AC000D612C7 /* repository.swift */,
				D12B605023496C1000D612C7 /* Model */,
			);
			path = "ios-repo-app";
			sourceTree = "<group>";
		};
		D12B605023496C1000D612C7 /* Model */ = {
			isa = PBXGroup;
			children = (
				D12B604C23496B4300D612C7 /* User.swift */,
				D12B604E23496BF300D612C7 /* Match.swift */,
			);
			path = Model;
			sourceTree = "<group>";
		};
/* End PBXGroup section */

/* Begin PBXNativeTarget section */
		D12B603423496A6B00D612C7 /* ios-repo-app */ = {
			isa = PBXNativeTarget;
			buildConfigurationList = D12B604723496A6D00D612C7 /* Build configuration list for PBXNativeTarget "ios-repo-app" */;
			buildPhases = (
				D12B603123496A6B00D612C7 /* Sources */,
				D12B603223496A6B00D612C7 /* Frameworks */,
				D12B603323496A6B00D612C7 /* Resources */,
			);
			buildRules = (
			);
			dependencies = (
			);
			name = "ios-repo-app";
			productName = "ios-repo-app";
			productReference = D12B603523496A6B00D612C7 /* ios-repo-app.app */;
			productType = "com.apple.product-type.application";
		};
/* End PBXNativeTarget section */

/* Begin PBXProject section */
		D12B602D23496A6B00D612C7 /* Project object */ = {
			isa = PBXProject;
			attributes = {
				LastSwiftUpdateCheck = 1030;
				LastUpgradeCheck = 1030;
				ORGANIZATIONNAME = "Cascadia College";
				TargetAttributes = {
					D12B603423496A6B00D612C7 = {
						CreatedOnToolsVersion = 10.3;
					};
				};
			};
			buildConfigurationList = D12B603023496A6B00D612C7 /* Build configuration list for PBXProject "ios-repo-app" */;
			compatibilityVersion = "Xcode 9.3";
			developmentRegion = en;
			hasScannedForEncodings = 0;
			knownRegions = (
				en,
				Base,
			);
			mainGroup = D12B602C23496A6B00D612C7;
			productRefGroup = D12B603623496A6B00D612C7 /* Products */;
			projectDirPath = "";
			projectRoot = "";
			targets = (
				D12B603423496A6B00D612C7 /* ios-repo-app */,
			);
		};
/* End PBXProject section */

/* Begin PBXResourcesBuildPhase section */
		D12B603323496A6B00D612C7 /* Resources */ = {
			isa = PBXResourcesBuildPhase;
			buildActionMask = 2147483647;
			files = (
				D12B604323496A6D00D612C7 /* LaunchScreen.storyboard in Resources */,
				D12B604023496A6D00D612C7 /* Assets.xcassets in Resources */,
				D12B603E23496A6B00D612C7 /* Main.storyboard in Resources */,
			);
			runOnlyForDeploymentPostprocessing = 0;
		};
/* End PBXResourcesBuildPhase section */

/* Begin PBXSourcesBuildPhase section */
		D12B603123496A6B00D612C7 /* Sources */ = {
			isa = PBXSourcesBuildPhase;
			buildActionMask = 2147483647;
			files = (
				D12B604D23496B4300D612C7 /* User.swift in Sources */,
				D12B604B23496AC000D612C7 /* repository.swift in Sources */,
				D12B603B23496A6B00D612C7 /* ViewController.swift in Sources */,
				D12B604F23496BF300D612C7 /* Match.swift in Sources */,
				D12B603923496A6B00D612C7 /* AppDelegate.swift in Sources */,
			);
			runOnlyForDeploymentPostprocessing = 0;
		};
/* End PBXSourcesBuildPhase section */

/* Begin PBXVariantGroup section */
		D12B603C23496A6B00D612C7 /* Main.storyboard */ = {
			isa = PBXVariantGroup;
			children = (
				D12B603D23496A6B00D612C7 /* Base */,
			);
			name = Main.storyboard;
			sourceTree = "<group>";
		};
		D12B604123496A6D00D612C7 /* LaunchScreen.storyboard */ = {
			isa = PBXVariantGroup;
			children = (
				D12B604223496A6D00D612C7 /* Base */,
			);
			name = LaunchScreen.storyboard;
			sourceTree = "<group>";
		};
/* End PBXVariantGroup section */

/* Begin XCBuildConfiguration section */
		D12B604523496A6D00D612C7 /* Debug */ = {
			isa = XCBuildConfiguration;
			buildSettings = {
				ALWAYS_SEARCH_USER_PATHS = NO;
				CLANG_ANALYZER_NONNULL = YES;
				CLANG_ANALYZER_NUMBER_OBJECT_CONVERSION = YES_AGGRESSIVE;
				CLANG_CXX_LANGUAGE_STANDARD = "gnu++14";
				CLANG_CXX_LIBRARY = "libc++";
				CLANG_ENABLE_MODULES = YES;
				CLANG_ENABLE_OBJC_ARC = YES;
				CLANG_ENABLE_OBJC_WEAK = YES;
				CLANG_WARN_BLOCK_CAPTURE_AUTORELEASING = YES;
				CLANG_WARN_BOOL_CONVERSION = YES;
				CLANG_WARN_COMMA = YES;
				CLANG_WARN_CONSTANT_CONVERSION = YES;
				CLANG_WARN_DEPRECATED_OBJC_IMPLEMENTATIONS = YES;
				CLANG_WARN_DIRECT_OBJC_ISA_USAGE = YES_ERROR;
				CLANG_WARN_DOCUMENTATION_COMMENTS = YES;
				CLANG_WARN_EMPTY_BODY = YES;
				CLANG_WARN_ENUM_CONVERSION = YES;
				CLANG_WARN_INFINITE_RECURSION = YES;
				CLANG_WARN_INT_CONVERSION = YES;
				CLANG_WARN_NON_LITERAL_NULL_CONVERSION = YES;
				CLANG_WARN_OBJC_IMPLICIT_RETAIN_SELF = YES;
				CLANG_WARN_OBJC_LITERAL_CONVERSION = YES;
				CLANG_WARN_OBJC_ROOT_CLASS = YES_ERROR;
				CLANG_WARN_RANGE_LOOP_ANALYSIS = YES;
				CLANG_WARN_STRICT_PROTOTYPES = YES;
				CLANG_WARN_SUSPICIOUS_MOVE = YES;
				CLANG_WARN_UNGUARDED_AVAILABILITY = YES_AGGRESSIVE;
				CLANG_WARN_UNREACHABLE_CODE = YES;
				CLANG_WARN__DUPLICATE_METHOD_MATCH = YES;
				CODE_SIGN_IDENTITY = "iPhone Developer";
				COPY_PHASE_STRIP = NO;
				DEBUG_INFORMATION_FORMAT = dwarf;
				ENABLE_STRICT_OBJC_MSGSEND = YES;
				ENABLE_TESTABILITY = YES;
				GCC_C_LANGUAGE_STANDARD = gnu11;
				GCC_DYNAMIC_NO_PIC = NO;
				GCC_NO_COMMON_BLOCKS = YES;
				GCC_OPTIMIZATION_LEVEL = 0;
				GCC_PREPROCESSOR_DEFINITIONS = (
					"DEBUG=1",
					"$(inherited)",
				);
				GCC_WARN_64_TO_32_BIT_CONVERSION = YES;
				GCC_WARN_ABOUT_RETURN_TYPE = YES_ERROR;
				GCC_WARN_UNDECLARED_SELECTOR = YES;
				GCC_WARN_UNINITIALIZED_AUTOS = YES_AGGRESSIVE;
				GCC_WARN_UNUSED_FUNCTION = YES;
				GCC_WARN_UNUSED_VARIABLE = YES;
				IPHONEOS_DEPLOYMENT_TARGET = 12.4;
				MTL_ENABLE_DEBUG_INFO = INCLUDE_SOURCE;
				MTL_FAST_MATH = YES;
				ONLY_ACTIVE_ARCH = YES;
				SDKROOT = iphoneos;
				SWIFT_ACTIVE_COMPILATION_CONDITIONS = DEBUG;
				SWIFT_OPTIMIZATION_LEVEL = "-Onone";
			};
			name = Debug;
		};
		D12B604623496A6D00D612C7 /* Release */ = {
			isa = XCBuildConfiguration;
			buildSettings = {
				ALWAYS_SEARCH_USER_PATHS = NO;
				CLANG_ANALYZER_NONNULL = YES;
				CLANG_ANALYZER_NUMBER_OBJECT_CONVERSION = YES_AGGRESSIVE;
				CLANG_CXX_LANGUAGE_STANDARD = "gnu++14";
				CLANG_CXX_LIBRARY = "libc++";
				CLANG_ENABLE_MODULES = YES;
				CLANG_ENABLE_OBJC_ARC = YES;
				CLANG_ENABLE_OBJC_WEAK = YES;
				CLANG_WARN_BLOCK_CAPTURE_AUTORELEASING = YES;
				CLANG_WARN_BOOL_CONVERSION = YES;
				CLANG_WARN_COMMA = YES;
				CLANG_WARN_CONSTANT_CONVERSION = YES;
				CLANG_WARN_DEPRECATED_OBJC_IMPLEMENTATIONS = YES;
				CLANG_WARN_DIRECT_OBJC_ISA_USAGE = YES_ERROR;
				CLANG_WARN_DOCUMENTATION_COMMENTS = YES;
				CLANG_WARN_EMPTY_BODY = YES;
				CLANG_WARN_ENUM_CONVERSION = YES;
				CLANG_WARN_INFINITE_RECURSION = YES;
				CLANG_WARN_INT_CONVERSION = YES;
				CLANG_WARN_NON_LITERAL_NULL_CONVERSION = YES;
				CLANG_WARN_OBJC_IMPLICIT_RETAIN_SELF = YES;
				CLANG_WARN_OBJC_LITERAL_CONVERSION = YES;
				CLANG_WARN_OBJC_ROOT_CLASS = YES_ERROR;
				CLANG_WARN_RANGE_LOOP_ANALYSIS = YES;
				CLANG_WARN_STRICT_PROTOTYPES = YES;
				CLANG_WARN_SUSPICIOUS_MOVE = YES;
				CLANG_WARN_UNGUARDED_AVAILABILITY = YES_AGGRESSIVE;
				CLANG_WARN_UNREACHABLE_CODE = YES;
				CLANG_WARN__DUPLICATE_METHOD_MATCH = YES;
				CODE_SIGN_IDENTITY = "iPhone Developer";
				COPY_PHASE_STRIP = NO;
				DEBUG_INFORMATION_FORMAT = "dwarf-with-dsym";
				ENABLE_NS_ASSERTIONS = NO;
				ENABLE_STRICT_OBJC_MSGSEND = YES;
				GCC_C_LANGUAGE_STANDARD = gnu11;
				GCC_NO_COMMON_BLOCKS = YES;
				GCC_WARN_64_TO_32_BIT_CONVERSION = YES;
				GCC_WARN_ABOUT_RETURN_TYPE = YES_ERROR;
				GCC_WARN_UNDECLARED_SELECTOR = YES;
				GCC_WARN_UNINITIALIZED_AUTOS = YES_AGGRESSIVE;
				GCC_WARN_UNUSED_FUNCTION = YES;
				GCC_WARN_UNUSED_VARIABLE = YES;
				IPHONEOS_DEPLOYMENT_TARGET = 12.4;
				MTL_ENABLE_DEBUG_INFO = NO;
				MTL_FAST_MATH = YES;
				SDKROOT = iphoneos;
				SWIFT_COMPILATION_MODE = wholemodule;
				SWIFT_OPTIMIZATION_LEVEL = "-O";
				VALIDATE_PRODUCT = YES;
			};
			name = Release;
		};
		D12B604823496A6D00D612C7 /* Debug */ = {
			isa = XCBuildConfiguration;
			buildSettings = {
				ASSETCATALOG_COMPILER_APPICON_NAME = AppIcon;
				CODE_SIGN_STYLE = Automatic;
				DEVELOPMENT_TEAM = 38V8Y67B3N;
				INFOPLIST_FILE = "ios-repo-app/Info.plist";
				LD_RUNPATH_SEARCH_PATHS = (
					"$(inherited)",
					"@executable_path/Frameworks",
				);
				PRODUCT_BUNDLE_IDENTIFIER = "edu.cascadia.mobas.ios-repo-app";
				PRODUCT_NAME = "$(TARGET_NAME)";
				SWIFT_VERSION = 5.0;
				TARGETED_DEVICE_FAMILY = "1,2";
			};
			name = Debug;
		};
		D12B604923496A6D00D612C7 /* Release */ = {
			isa = XCBuildConfiguration;
			buildSettings = {
				ASSETCATALOG_COMPILER_APPICON_NAME = AppIcon;
				CODE_SIGN_STYLE = Automatic;
				DEVELOPMENT_TEAM = 38V8Y67B3N;
				INFOPLIST_FILE = "ios-repo-app/Info.plist";
				LD_RUNPATH_SEARCH_PATHS = (
					"$(inherited)",
					"@executable_path/Frameworks",
				);
				PRODUCT_BUNDLE_IDENTIFIER = "edu.cascadia.mobas.ios-repo-app";
				PRODUCT_NAME = "$(TARGET_NAME)";
				SWIFT_VERSION = 5.0;
				TARGETED_DEVICE_FAMILY = "1,2";
			};
			name = Release;
		};
/* End XCBuildConfiguration section */

/* Begin XCConfigurationList section */
		D12B603023496A6B00D612C7 /* Build configuration list for PBXProject "ios-repo-app" */ = {
			isa = XCConfigurationList;
			buildConfigurations = (
				D12B604523496A6D00D612C7 /* Debug */,
				D12B604623496A6D00D612C7 /* Release */,
			);
			defaultConfigurationIsVisible = 0;
			defaultConfigurationName = Release;
		};
		D12B604723496A6D00D612C7 /* Build configuration list for PBXNativeTarget "ios-repo-app" */ = {
			isa = XCConfigurationList;
			buildConfigurations = (
				D12B604823496A6D00D612C7 /* Debug */,
				D12B604923496A6D00D612C7 /* Release */,
			);
			defaultConfigurationIsVisible = 0;
			defaultConfigurationName = Release;
		};
/* End XCConfigurationList section */
	};
	rootObject = D12B602D23496A6B00D612C7 /* Project object */;
}
